// !$*UTF8*$!
{
	archiveVersion = 1;
	classes = {
	};
	objectVersion = 56;
	objects = {

/* Begin PBXBuildFile section */
		221982A92C3BBBFD0057A9BC /* SCLoginView.storyboard in Resources */ = {isa = PBXBuildFile; fileRef = 221982A82C3BBBFD0057A9BC /* SCLoginView.storyboard */; };
		221982AC2C3BBF960057A9BC /* SCLogin.m in Sources */ = {isa = PBXBuildFile; fileRef = 221982AB2C3BBF960057A9BC /* SCLogin.m */; };
		228036232C32A25900702F39 /* SCNavMain.m in Sources */ = {isa = PBXBuildFile; fileRef = 228036222C32A25900702F39 /* SCNavMain.m */; };
		22C857702C36CD0600967E4E /* AFServiceSDK.framework in Frameworks */ = {isa = PBXBuildFile; fileRef = 22C8576F2C36CD0600967E4E /* AFServiceSDK.framework */; };
		22D17D212C37D390005FDAE1 /* SCMainTabBarController.m in Sources */ = {isa = PBXBuildFile; fileRef = 22D17D202C37D390005FDAE1 /* SCMainTabBarController.m */; };
		22D17D262C37D3FC005FDAE1 /* IOSClientMain.storyboard in Resources */ = {isa = PBXBuildFile; fileRef = 22D17D252C37D3FC005FDAE1 /* IOSClientMain.storyboard */; };
		22D17D292C37DAB6005FDAE1 /* SCMainTabBar.m in Sources */ = {isa = PBXBuildFile; fileRef = 22D17D282C37DAB6005FDAE1 /* SCMainTabBar.m */; };
		22D17D2D2C3B88BC005FDAE1 /* NCMessage.m in Sources */ = {isa = PBXBuildFile; fileRef = 22D17D2C2C3B88BC005FDAE1 /* NCMessage.m */; };
		22D17D2F2C3B88CC005FDAE1 /* NCMessage.storyboard in Resources */ = {isa = PBXBuildFile; fileRef = 22D17D2E2C3B88CC005FDAE1 /* NCMessage.storyboard */; };
		7AC618262C2D87910030D9C9 /* UIView+BasicAnimation.m in Sources */ = {isa = PBXBuildFile; fileRef = 7AC618252C2D87910030D9C9 /* UIView+BasicAnimation.m */; };
		7AC618332C2E6D170030D9C9 /* Inconsolata-Light.ttf in Resources */ = {isa = PBXBuildFile; fileRef = 7AC6182E2C2E6D170030D9C9 /* Inconsolata-Light.ttf */; };
		7AC618342C2E6D170030D9C9 /* Inconsolata-ExtraLight.ttf in Resources */ = {isa = PBXBuildFile; fileRef = 7AC6182F2C2E6D170030D9C9 /* Inconsolata-ExtraLight.ttf */; };
		7AC618352C2E6D170030D9C9 /* Inconsolata-Regular.ttf in Resources */ = {isa = PBXBuildFile; fileRef = 7AC618302C2E6D170030D9C9 /* Inconsolata-Regular.ttf */; };
		7AC618362C2E6D170030D9C9 /* Lato-Bold.ttf in Resources */ = {isa = PBXBuildFile; fileRef = 7AC618312C2E6D170030D9C9 /* Lato-Bold.ttf */; };
		7AC618372C2E6D170030D9C9 /* Lato-Thin.ttf in Resources */ = {isa = PBXBuildFile; fileRef = 7AC618322C2E6D170030D9C9 /* Lato-Thin.ttf */; };
		7ACE2D9E2C2C02240092982F /* AppDelegate.m in Sources */ = {isa = PBXBuildFile; fileRef = 7ACE2D9D2C2C02240092982F /* AppDelegate.m */; };
		7ACE2DA42C2C02240092982F /* OpeningVC.m in Sources */ = {isa = PBXBuildFile; fileRef = 7ACE2DA32C2C02240092982F /* OpeningVC.m */; };
		7ACE2DA72C2C02240092982F /* OpeningVC.storyboard in Resources */ = {isa = PBXBuildFile; fileRef = 7ACE2DA52C2C02240092982F /* OpeningVC.storyboard */; };
		7ACE2DA92C2C02300092982F /* Assets.xcassets in Resources */ = {isa = PBXBuildFile; fileRef = 7ACE2DA82C2C02300092982F /* Assets.xcassets */; };
		7ACE2DAC2C2C02300092982F /* LaunchScreen.storyboard in Resources */ = {isa = PBXBuildFile; fileRef = 7ACE2DAA2C2C02300092982F /* LaunchScreen.storyboard */; };
		7ACE2DAF2C2C02300092982F /* main.m in Sources */ = {isa = PBXBuildFile; fileRef = 7ACE2DAE2C2C02300092982F /* main.m */; };
		7ACE2DBC2C2C0D850092982F /* Localizable.strings in Resources */ = {isa = PBXBuildFile; fileRef = 7ACE2DBE2C2C0D850092982F /* Localizable.strings */; };
		7ACE2DD42C2D05B00092982F /* AppConfig.swift in Sources */ = {isa = PBXBuildFile; fileRef = 7ACE2DD32C2D05B00092982F /* AppConfig.swift */; };
		7ACE2DD82C2D09F10092982F /* LaunchCollectionCell.m in Sources */ = {isa = PBXBuildFile; fileRef = 7ACE2DD62C2D09F10092982F /* LaunchCollectionCell.m */; };
		7ACE2DD92C2D09F10092982F /* LaunchCollectionCell.xib in Resources */ = {isa = PBXBuildFile; fileRef = 7ACE2DD72C2D09F10092982F /* LaunchCollectionCell.xib */; };
		E3ACF065F30A6ADBD0CD13DF /* Pods_SocialCommunity.framework in Frameworks */ = {isa = PBXBuildFile; fileRef = 07B6F465446E28926F81E55B /* Pods_SocialCommunity.framework */; };
/* End PBXBuildFile section */

/* Begin PBXFileReference section */
		07B6F465446E28926F81E55B /* Pods_SocialCommunity.framework */ = {isa = PBXFileReference; explicitFileType = wrapper.framework; includeInIndex = 0; path = Pods_SocialCommunity.framework; sourceTree = BUILT_PRODUCTS_DIR; };
		221982A82C3BBBFD0057A9BC /* SCLoginView.storyboard */ = {isa = PBXFileReference; lastKnownFileType = file.storyboard; path = SCLoginView.storyboard; sourceTree = "<group>"; };
		221982AA2C3BBF960057A9BC /* SCLogin.h */ = {isa = PBXFileReference; lastKnownFileType = sourcecode.c.h; path = SCLogin.h; sourceTree = "<group>"; };
		221982AB2C3BBF960057A9BC /* SCLogin.m */ = {isa = PBXFileReference; lastKnownFileType = sourcecode.c.objc; path = SCLogin.m; sourceTree = "<group>"; };
		228036212C32A25900702F39 /* SCNavMain.h */ = {isa = PBXFileReference; lastKnownFileType = sourcecode.c.h; path = SCNavMain.h; sourceTree = "<group>"; };
		228036222C32A25900702F39 /* SCNavMain.m */ = {isa = PBXFileReference; lastKnownFileType = sourcecode.c.objc; path = SCNavMain.m; sourceTree = "<group>"; };
		22C8576F2C36CD0600967E4E /* AFServiceSDK.framework */ = {isa = PBXFileReference; lastKnownFileType = wrapper.framework; path = AFServiceSDK.framework; sourceTree = "<group>"; };
		22D17D1F2C37D390005FDAE1 /* SCMainTabBarController.h */ = {isa = PBXFileReference; lastKnownFileType = sourcecode.c.h; path = SCMainTabBarController.h; sourceTree = "<group>"; };
		22D17D202C37D390005FDAE1 /* SCMainTabBarController.m */ = {isa = PBXFileReference; lastKnownFileType = sourcecode.c.objc; path = SCMainTabBarController.m; sourceTree = "<group>"; };
		22D17D252C37D3FC005FDAE1 /* IOSClientMain.storyboard */ = {isa = PBXFileReference; lastKnownFileType = file.storyboard; path = IOSClientMain.storyboard; sourceTree = "<group>"; };
		22D17D272C37DAB6005FDAE1 /* SCMainTabBar.h */ = {isa = PBXFileReference; lastKnownFileType = sourcecode.c.h; path = SCMainTabBar.h; sourceTree = "<group>"; };
		22D17D282C37DAB6005FDAE1 /* SCMainTabBar.m */ = {isa = PBXFileReference; lastKnownFileType = sourcecode.c.objc; path = SCMainTabBar.m; sourceTree = "<group>"; };
		22D17D2B2C3B88BC005FDAE1 /* NCMessage.h */ = {isa = PBXFileReference; lastKnownFileType = sourcecode.c.h; path = NCMessage.h; sourceTree = "<group>"; };
		22D17D2C2C3B88BC005FDAE1 /* NCMessage.m */ = {isa = PBXFileReference; lastKnownFileType = sourcecode.c.objc; path = NCMessage.m; sourceTree = "<group>"; };
		22D17D2E2C3B88CC005FDAE1 /* NCMessage.storyboard */ = {isa = PBXFileReference; lastKnownFileType = file.storyboard; path = NCMessage.storyboard; sourceTree = "<group>"; };
		231587F49CC8CA5C410BC8DB /* Pods-SocialCommunity.debug.xcconfig */ = {isa = PBXFileReference; includeInIndex = 1; lastKnownFileType = text.xcconfig; name = "Pods-SocialCommunity.debug.xcconfig"; path = "Target Support Files/Pods-SocialCommunity/Pods-SocialCommunity.debug.xcconfig"; sourceTree = "<group>"; };
		525D8AAA4506DE7FD88C15D4 /* Pods-SocialCommunity.release.xcconfig */ = {isa = PBXFileReference; includeInIndex = 1; lastKnownFileType = text.xcconfig; name = "Pods-SocialCommunity.release.xcconfig"; path = "Target Support Files/Pods-SocialCommunity/Pods-SocialCommunity.release.xcconfig"; sourceTree = "<group>"; };
		7AC618242C2D87910030D9C9 /* UIView+BasicAnimation.h */ = {isa = PBXFileReference; lastKnownFileType = sourcecode.c.h; path = "UIView+BasicAnimation.h"; sourceTree = "<group>"; };
		7AC618252C2D87910030D9C9 /* UIView+BasicAnimation.m */ = {isa = PBXFileReference; lastKnownFileType = sourcecode.c.objc; path = "UIView+BasicAnimation.m"; sourceTree = "<group>"; };
		7AC618282C2D8AA50030D9C9 /* PrefixHeader.pch */ = {isa = PBXFileReference; lastKnownFileType = sourcecode.c.h; path = PrefixHeader.pch; sourceTree = "<group>"; };
		7AC6182E2C2E6D170030D9C9 /* Inconsolata-Light.ttf */ = {isa = PBXFileReference; lastKnownFileType = file; path = "Inconsolata-Light.ttf"; sourceTree = "<group>"; };
		7AC6182F2C2E6D170030D9C9 /* Inconsolata-ExtraLight.ttf */ = {isa = PBXFileReference; lastKnownFileType = file; path = "Inconsolata-ExtraLight.ttf"; sourceTree = "<group>"; };
		7AC618302C2E6D170030D9C9 /* Inconsolata-Regular.ttf */ = {isa = PBXFileReference; lastKnownFileType = file; path = "Inconsolata-Regular.ttf"; sourceTree = "<group>"; };
		7AC618312C2E6D170030D9C9 /* Lato-Bold.ttf */ = {isa = PBXFileReference; lastKnownFileType = file; path = "Lato-Bold.ttf"; sourceTree = "<group>"; };
		7AC618322C2E6D170030D9C9 /* Lato-Thin.ttf */ = {isa = PBXFileReference; lastKnownFileType = file; path = "Lato-Thin.ttf"; sourceTree = "<group>"; };
		7ACE2D992C2C02240092982F /* SocialCommunity.app */ = {isa = PBXFileReference; explicitFileType = wrapper.application; includeInIndex = 0; path = SocialCommunity.app; sourceTree = BUILT_PRODUCTS_DIR; };
		7ACE2D9C2C2C02240092982F /* AppDelegate.h */ = {isa = PBXFileReference; lastKnownFileType = sourcecode.c.h; path = AppDelegate.h; sourceTree = "<group>"; };
		7ACE2D9D2C2C02240092982F /* AppDelegate.m */ = {isa = PBXFileReference; lastKnownFileType = sourcecode.c.objc; path = AppDelegate.m; sourceTree = "<group>"; };
		7ACE2DA22C2C02240092982F /* OpeningVC.h */ = {isa = PBXFileReference; lastKnownFileType = sourcecode.c.h; path = OpeningVC.h; sourceTree = "<group>"; };
		7ACE2DA32C2C02240092982F /* OpeningVC.m */ = {isa = PBXFileReference; lastKnownFileType = sourcecode.c.objc; path = OpeningVC.m; sourceTree = "<group>"; };
		7ACE2DA62C2C02240092982F /* Base */ = {isa = PBXFileReference; lastKnownFileType = file.storyboard; name = Base; path = Base.lproj/OpeningVC.storyboard; sourceTree = "<group>"; };
		7ACE2DA82C2C02300092982F /* Assets.xcassets */ = {isa = PBXFileReference; lastKnownFileType = folder.assetcatalog; path = Assets.xcassets; sourceTree = "<group>"; };
		7ACE2DAB2C2C02300092982F /* Base */ = {isa = PBXFileReference; lastKnownFileType = file.storyboard; name = Base; path = Base.lproj/LaunchScreen.storyboard; sourceTree = "<group>"; };
		7ACE2DAD2C2C02300092982F /* Info.plist */ = {isa = PBXFileReference; lastKnownFileType = text.plist.xml; path = Info.plist; sourceTree = "<group>"; };
		7ACE2DAE2C2C02300092982F /* main.m */ = {isa = PBXFileReference; lastKnownFileType = sourcecode.c.objc; path = main.m; sourceTree = "<group>"; };
		7ACE2DBD2C2C0D850092982F /* en */ = {isa = PBXFileReference; lastKnownFileType = text.plist.strings; name = en; path = en.lproj/Localizable.strings; sourceTree = "<group>"; };
		7ACE2DBF2C2C0DA00092982F /* zh-Hans */ = {isa = PBXFileReference; lastKnownFileType = text.plist.strings; name = "zh-Hans"; path = "zh-Hans.lproj/OpeningVC.strings"; sourceTree = "<group>"; };
		7ACE2DC02C2C0DA10092982F /* zh-Hans */ = {isa = PBXFileReference; lastKnownFileType = text.plist.strings; name = "zh-Hans"; path = "zh-Hans.lproj/LaunchScreen.strings"; sourceTree = "<group>"; };
		7ACE2DC12C2C0DA10092982F /* zh-Hans */ = {isa = PBXFileReference; lastKnownFileType = text.plist.strings; name = "zh-Hans"; path = "zh-Hans.lproj/Localizable.strings"; sourceTree = "<group>"; };
		7ACE2DD02C2D05670092982F /* SocialCommunity-Bridging-Header.h */ = {isa = PBXFileReference; lastKnownFileType = sourcecode.c.h; path = "SocialCommunity-Bridging-Header.h"; sourceTree = "<group>"; };
		7ACE2DD32C2D05B00092982F /* AppConfig.swift */ = {isa = PBXFileReference; lastKnownFileType = sourcecode.swift; path = AppConfig.swift; sourceTree = "<group>"; };
		7ACE2DD52C2D09F10092982F /* LaunchCollectionCell.h */ = {isa = PBXFileReference; lastKnownFileType = sourcecode.c.h; path = LaunchCollectionCell.h; sourceTree = "<group>"; };
		7ACE2DD62C2D09F10092982F /* LaunchCollectionCell.m */ = {isa = PBXFileReference; lastKnownFileType = sourcecode.c.objc; path = LaunchCollectionCell.m; sourceTree = "<group>"; };
		7ACE2DD72C2D09F10092982F /* LaunchCollectionCell.xib */ = {isa = PBXFileReference; lastKnownFileType = file.xib; path = LaunchCollectionCell.xib; sourceTree = "<group>"; };
/* End PBXFileReference section */

/* Begin PBXFrameworksBuildPhase section */
		7ACE2D962C2C02240092982F /* Frameworks */ = {
			isa = PBXFrameworksBuildPhase;
			buildActionMask = 2147483647;
			files = (
				22C857702C36CD0600967E4E /* AFServiceSDK.framework in Frameworks */,
				E3ACF065F30A6ADBD0CD13DF /* Pods_SocialCommunity.framework in Frameworks */,
			);
			runOnlyForDeploymentPostprocessing = 0;
		};
/* End PBXFrameworksBuildPhase section */

/* Begin PBXGroup section */
		2280360E2C32909E00702F39 /* IOSClient */ = {
			isa = PBXGroup;
			children = (
				22D17D1E2C37D30E005FDAE1 /* MainUI */,
				22D17D1D2C37D304005FDAE1 /* Login */,
			);
			path = IOSClient;
			sourceTree = "<group>";
		};
		22C8576E2C36CCF100967E4E /* SDK */ = {
			isa = PBXGroup;
			children = (
				22C8576F2C36CD0600967E4E /* AFServiceSDK.framework */,
			);
			path = SDK;
			sourceTree = "<group>";
		};
		22D17D1D2C37D304005FDAE1 /* Login */ = {
			isa = PBXGroup;
			children = (
				221982A82C3BBBFD0057A9BC /* SCLoginView.storyboard */,
				221982AA2C3BBF960057A9BC /* SCLogin.h */,
				221982AB2C3BBF960057A9BC /* SCLogin.m */,
			);
			path = Login;
			sourceTree = "<group>";
		};
		22D17D1E2C37D30E005FDAE1 /* MainUI */ = {
			isa = PBXGroup;
			children = (
				22D17D222C37D39D005FDAE1 /* TabBar */,
				22D17D2A2C3B8806005FDAE1 /* NCMessage */,
				22D17D252C37D3FC005FDAE1 /* IOSClientMain.storyboard */,
			);
			path = MainUI;
			sourceTree = "<group>";
		};
		22D17D222C37D39D005FDAE1 /* TabBar */ = {
			isa = PBXGroup;
			children = (
				22D17D1F2C37D390005FDAE1 /* SCMainTabBarController.h */,
				22D17D202C37D390005FDAE1 /* SCMainTabBarController.m */,
				22D17D272C37DAB6005FDAE1 /* SCMainTabBar.h */,
				22D17D282C37DAB6005FDAE1 /* SCMainTabBar.m */,
			);
			path = TabBar;
			sourceTree = "<group>";
		};
		22D17D2A2C3B8806005FDAE1 /* NCMessage */ = {
			isa = PBXGroup;
			children = (
				22D17D2B2C3B88BC005FDAE1 /* NCMessage.h */,
				22D17D2C2C3B88BC005FDAE1 /* NCMessage.m */,
				22D17D2E2C3B88CC005FDAE1 /* NCMessage.storyboard */,
			);
			path = NCMessage;
			sourceTree = "<group>";
		};
		7AC618232C2D85D70030D9C9 /* Category */ = {
			isa = PBXGroup;
			children = (
				7AC618242C2D87910030D9C9 /* UIView+BasicAnimation.h */,
				7AC618252C2D87910030D9C9 /* UIView+BasicAnimation.m */,
			);
			path = Category;
			sourceTree = "<group>";
		};
		7AC618272C2D8A230030D9C9 /* Supporting Files */ = {
			isa = PBXGroup;
			children = (
				22C8576E2C36CCF100967E4E /* SDK */,
				7AC6182D2C2E6CC00030D9C9 /* Font */,
				7ACE2DB92C2C0D070092982F /* Language */,
				7ACE2D9C2C2C02240092982F /* AppDelegate.h */,
				7ACE2D9D2C2C02240092982F /* AppDelegate.m */,
				7ACE2DAA2C2C02300092982F /* LaunchScreen.storyboard */,
				7AC618282C2D8AA50030D9C9 /* PrefixHeader.pch */,
			);
			path = "Supporting Files";
			sourceTree = "<group>";
		};
		7AC6182D2C2E6CC00030D9C9 /* Font */ = {
			isa = PBXGroup;
			children = (
				7AC6182F2C2E6D170030D9C9 /* Inconsolata-ExtraLight.ttf */,
				7AC6182E2C2E6D170030D9C9 /* Inconsolata-Light.ttf */,
				7AC618302C2E6D170030D9C9 /* Inconsolata-Regular.ttf */,
				7AC618312C2E6D170030D9C9 /* Lato-Bold.ttf */,
				7AC618322C2E6D170030D9C9 /* Lato-Thin.ttf */,
			);
			path = Font;
			sourceTree = "<group>";
		};
		7ACE2D902C2C02240092982F = {
			isa = PBXGroup;
			children = (
				7ACE2D9B2C2C02240092982F /* SocialCommunity */,
				7ACE2D9A2C2C02240092982F /* Products */,
				BE1D4A530C243DB6AD102316 /* Frameworks */,
				EB8BB7E67E211180DF1220D1 /* Pods */,
			);
			sourceTree = "<group>";
		};
		7ACE2D9A2C2C02240092982F /* Products */ = {
			isa = PBXGroup;
			children = (
				7ACE2D992C2C02240092982F /* SocialCommunity.app */,
			);
			name = Products;
			sourceTree = "<group>";
		};
		7ACE2D9B2C2C02240092982F /* SocialCommunity */ = {
			isa = PBXGroup;
			children = (
				7AC618272C2D8A230030D9C9 /* Supporting Files */,
				7AC618232C2D85D70030D9C9 /* Category */,
				7ACE2DC22C2C17D30092982F /* Launch */,
				2280360E2C32909E00702F39 /* IOSClient */,
				7ACE2DA82C2C02300092982F /* Assets.xcassets */,
				7ACE2DAD2C2C02300092982F /* Info.plist */,
				7ACE2DAE2C2C02300092982F /* main.m */,
			);
			path = SocialCommunity;
			sourceTree = "<group>";
		};
		7ACE2DB92C2C0D070092982F /* Language */ = {
			isa = PBXGroup;
			children = (
				7ACE2DBE2C2C0D850092982F /* Localizable.strings */,
			);
			path = Language;
			sourceTree = "<group>";
		};
		7ACE2DC22C2C17D30092982F /* Launch */ = {
			isa = PBXGroup;
			children = (
				7ACE2DA52C2C02240092982F /* OpeningVC.storyboard */,
				7ACE2DA22C2C02240092982F /* OpeningVC.h */,
				7ACE2DA32C2C02240092982F /* OpeningVC.m */,
				7ACE2DD02C2D05670092982F /* SocialCommunity-Bridging-Header.h */,
				7ACE2DD32C2D05B00092982F /* AppConfig.swift */,
				7ACE2DD52C2D09F10092982F /* LaunchCollectionCell.h */,
				7ACE2DD62C2D09F10092982F /* LaunchCollectionCell.m */,
				7ACE2DD72C2D09F10092982F /* LaunchCollectionCell.xib */,
				228036212C32A25900702F39 /* SCNavMain.h */,
				228036222C32A25900702F39 /* SCNavMain.m */,
			);
			path = Launch;
			sourceTree = "<group>";
		};
		BE1D4A530C243DB6AD102316 /* Frameworks */ = {
			isa = PBXGroup;
			children = (
				07B6F465446E28926F81E55B /* Pods_SocialCommunity.framework */,
			);
			name = Frameworks;
			sourceTree = "<group>";
		};
		EB8BB7E67E211180DF1220D1 /* Pods */ = {
			isa = PBXGroup;
			children = (
				231587F49CC8CA5C410BC8DB /* Pods-SocialCommunity.debug.xcconfig */,
				525D8AAA4506DE7FD88C15D4 /* Pods-SocialCommunity.release.xcconfig */,
			);
			path = Pods;
			sourceTree = "<group>";
		};
/* End PBXGroup section */

/* Begin PBXNativeTarget section */
		7ACE2D982C2C02240092982F /* SocialCommunity */ = {
			isa = PBXNativeTarget;
			buildConfigurationList = 7ACE2DB22C2C02300092982F /* Build configuration list for PBXNativeTarget "SocialCommunity" */;
			buildPhases = (
				F9245C129CE498058B2C12AF /* [CP] Check Pods Manifest.lock */,
				7ACE2D952C2C02240092982F /* Sources */,
				7ACE2D962C2C02240092982F /* Frameworks */,
				7ACE2D972C2C02240092982F /* Resources */,
				74E24CC945CEA2AE7F09C1C0 /* [CP] Embed Pods Frameworks */,
			);
			buildRules = (
			);
			dependencies = (
			);
			name = SocialCommunity;
			productName = SocialCommunity;
			productReference = 7ACE2D992C2C02240092982F /* SocialCommunity.app */;
			productType = "com.apple.product-type.application";
		};
/* End PBXNativeTarget section */

/* Begin PBXProject section */
		7ACE2D912C2C02240092982F /* Project object */ = {
			isa = PBXProject;
			attributes = {
				BuildIndependentTargetsInParallel = 1;
				LastUpgradeCheck = 1500;
				TargetAttributes = {
					7ACE2D982C2C02240092982F = {
						CreatedOnToolsVersion = 15.0.1;
						LastSwiftMigration = 1500;
					};
				};
			};
			buildConfigurationList = 7ACE2D942C2C02240092982F /* Build configuration list for PBXProject "SocialCommunity" */;
			compatibilityVersion = "Xcode 14.0";
			developmentRegion = en;
			hasScannedForEncodings = 0;
			knownRegions = (
				en,
				Base,
				"zh-Hans",
			);
			mainGroup = 7ACE2D902C2C02240092982F;
			productRefGroup = 7ACE2D9A2C2C02240092982F /* Products */;
			projectDirPath = "";
			projectRoot = "";
			targets = (
				7ACE2D982C2C02240092982F /* SocialCommunity */,
			);
		};
/* End PBXProject section */

/* Begin PBXResourcesBuildPhase section */
		7ACE2D972C2C02240092982F /* Resources */ = {
			isa = PBXResourcesBuildPhase;
			buildActionMask = 2147483647;
			files = (
				7ACE2DAC2C2C02300092982F /* LaunchScreen.storyboard in Resources */,
				7AC618332C2E6D170030D9C9 /* Inconsolata-Light.ttf in Resources */,
				7ACE2DBC2C2C0D850092982F /* Localizable.strings in Resources */,
				7AC618342C2E6D170030D9C9 /* Inconsolata-ExtraLight.ttf in Resources */,
				221982A92C3BBBFD0057A9BC /* SCLoginView.storyboard in Resources */,
				7ACE2DD92C2D09F10092982F /* LaunchCollectionCell.xib in Resources */,
				7AC618352C2E6D170030D9C9 /* Inconsolata-Regular.ttf in Resources */,
				7ACE2DA92C2C02300092982F /* Assets.xcassets in Resources */,
				22D17D2F2C3B88CC005FDAE1 /* NCMessage.storyboard in Resources */,
				7AC618372C2E6D170030D9C9 /* Lato-Thin.ttf in Resources */,
				7AC618362C2E6D170030D9C9 /* Lato-Bold.ttf in Resources */,
				22D17D262C37D3FC005FDAE1 /* IOSClientMain.storyboard in Resources */,
				7ACE2DA72C2C02240092982F /* OpeningVC.storyboard in Resources */,
			);
			runOnlyForDeploymentPostprocessing = 0;
		};
/* End PBXResourcesBuildPhase section */

/* Begin PBXShellScriptBuildPhase section */
		74E24CC945CEA2AE7F09C1C0 /* [CP] Embed Pods Frameworks */ = {
			isa = PBXShellScriptBuildPhase;
			buildActionMask = 2147483647;
			files = (
			);
			inputFileListPaths = (
				"${PODS_ROOT}/Target Support Files/Pods-SocialCommunity/Pods-SocialCommunity-frameworks-${CONFIGURATION}-input-files.xcfilelist",
			);
			name = "[CP] Embed Pods Frameworks";
			outputFileListPaths = (
				"${PODS_ROOT}/Target Support Files/Pods-SocialCommunity/Pods-SocialCommunity-frameworks-${CONFIGURATION}-output-files.xcfilelist",
			);
			runOnlyForDeploymentPostprocessing = 0;
			shellPath = /bin/sh;
			shellScript = "\"${PODS_ROOT}/Target Support Files/Pods-SocialCommunity/Pods-SocialCommunity-frameworks.sh\"\n";
			showEnvVarsInLog = 0;
		};
		F9245C129CE498058B2C12AF /* [CP] Check Pods Manifest.lock */ = {
			isa = PBXShellScriptBuildPhase;
			buildActionMask = 2147483647;
			files = (
			);
			inputFileListPaths = (
			);
			inputPaths = (
				"${PODS_PODFILE_DIR_PATH}/Podfile.lock",
				"${PODS_ROOT}/Manifest.lock",
			);
			name = "[CP] Check Pods Manifest.lock";
			outputFileListPaths = (
			);
			outputPaths = (
				"$(DERIVED_FILE_DIR)/Pods-SocialCommunity-checkManifestLockResult.txt",
			);
			runOnlyForDeploymentPostprocessing = 0;
			shellPath = /bin/sh;
			shellScript = "diff \"${PODS_PODFILE_DIR_PATH}/Podfile.lock\" \"${PODS_ROOT}/Manifest.lock\" > /dev/null\nif [ $? != 0 ] ; then\n    # print error to STDERR\n    echo \"error: The sandbox is not in sync with the Podfile.lock. Run 'pod install' or update your CocoaPods installation.\" >&2\n    exit 1\nfi\n# This output is used by Xcode 'outputs' to avoid re-running this script phase.\necho \"SUCCESS\" > \"${SCRIPT_OUTPUT_FILE_0}\"\n";
			showEnvVarsInLog = 0;
		};
/* End PBXShellScriptBuildPhase section */

/* Begin PBXSourcesBuildPhase section */
		7ACE2D952C2C02240092982F /* Sources */ = {
			isa = PBXSourcesBuildPhase;
			buildActionMask = 2147483647;
			files = (
				22D17D292C37DAB6005FDAE1 /* SCMainTabBar.m in Sources */,
				7ACE2DD82C2D09F10092982F /* LaunchCollectionCell.m in Sources */,
				7ACE2DA42C2C02240092982F /* OpeningVC.m in Sources */,
				22D17D2D2C3B88BC005FDAE1 /* NCMessage.m in Sources */,
				7AC618262C2D87910030D9C9 /* UIView+BasicAnimation.m in Sources */,
				221982AC2C3BBF960057A9BC /* SCLogin.m in Sources */,
				22D17D212C37D390005FDAE1 /* SCMainTabBarController.m in Sources */,
				7ACE2DD42C2D05B00092982F /* AppConfig.swift in Sources */,
				7ACE2D9E2C2C02240092982F /* AppDelegate.m in Sources */,
				228036232C32A25900702F39 /* SCNavMain.m in Sources */,
				7ACE2DAF2C2C02300092982F /* main.m in Sources */,
			);
			runOnlyForDeploymentPostprocessing = 0;
		};
/* End PBXSourcesBuildPhase section */

/* Begin PBXVariantGroup section */
		7ACE2DA52C2C02240092982F /* OpeningVC.storyboard */ = {
			isa = PBXVariantGroup;
			children = (
				7ACE2DA62C2C02240092982F /* Base */,
				7ACE2DBF2C2C0DA00092982F /* zh-Hans */,
			);
			name = OpeningVC.storyboard;
			sourceTree = "<group>";
		};
		7ACE2DAA2C2C02300092982F /* LaunchScreen.storyboard */ = {
			isa = PBXVariantGroup;
			children = (
				7ACE2DAB2C2C02300092982F /* Base */,
				7ACE2DC02C2C0DA10092982F /* zh-Hans */,
			);
			name = LaunchScreen.storyboard;
			sourceTree = "<group>";
		};
		7ACE2DBE2C2C0D850092982F /* Localizable.strings */ = {
			isa = PBXVariantGroup;
			children = (
				7ACE2DBD2C2C0D850092982F /* en */,
				7ACE2DC12C2C0DA10092982F /* zh-Hans */,
			);
			name = Localizable.strings;
			sourceTree = "<group>";
		};
/* End PBXVariantGroup section */

/* Begin XCBuildConfiguration section */
		7ACE2DB02C2C02300092982F /* Debug */ = {
			isa = XCBuildConfiguration;
			buildSettings = {
				ALWAYS_SEARCH_USER_PATHS = NO;
				ASSETCATALOG_COMPILER_GENERATE_SWIFT_ASSET_SYMBOL_EXTENSIONS = YES;
				CLANG_ANALYZER_LOCALIZABILITY_NONLOCALIZED = YES;
				CLANG_ANALYZER_NONNULL = YES;
				CLANG_ANALYZER_NUMBER_OBJECT_CONVERSION = YES_AGGRESSIVE;
				CLANG_CXX_LANGUAGE_STANDARD = "gnu++20";
				CLANG_ENABLE_MODULES = YES;
				CLANG_ENABLE_OBJC_ARC = YES;
				CLANG_ENABLE_OBJC_WEAK = YES;
				CLANG_WARN_BLOCK_CAPTURE_AUTORELEASING = YES;
				CLANG_WARN_BOOL_CONVERSION = YES;
				CLANG_WARN_COMMA = YES;
				CLANG_WARN_CONSTANT_CONVERSION = YES;
				CLANG_WARN_DEPRECATED_OBJC_IMPLEMENTATIONS = YES;
				CLANG_WARN_DIRECT_OBJC_ISA_USAGE = YES_ERROR;
				CLANG_WARN_DOCUMENTATION_COMMENTS = YES;
				CLANG_WARN_EMPTY_BODY = YES;
				CLANG_WARN_ENUM_CONVERSION = YES;
				CLANG_WARN_INFINITE_RECURSION = YES;
				CLANG_WARN_INT_CONVERSION = YES;
				CLANG_WARN_NON_LITERAL_NULL_CONVERSION = YES;
				CLANG_WARN_OBJC_IMPLICIT_RETAIN_SELF = YES;
				CLANG_WARN_OBJC_LITERAL_CONVERSION = YES;
				CLANG_WARN_OBJC_ROOT_CLASS = YES_ERROR;
				CLANG_WARN_QUOTED_INCLUDE_IN_FRAMEWORK_HEADER = YES;
				CLANG_WARN_RANGE_LOOP_ANALYSIS = YES;
				CLANG_WARN_STRICT_PROTOTYPES = YES;
				CLANG_WARN_SUSPICIOUS_MOVE = YES;
				CLANG_WARN_UNGUARDED_AVAILABILITY = YES_AGGRESSIVE;
				CLANG_WARN_UNREACHABLE_CODE = YES;
				CLANG_WARN__DUPLICATE_METHOD_MATCH = YES;
				COPY_PHASE_STRIP = NO;
				DEBUG_INFORMATION_FORMAT = dwarf;
				ENABLE_STRICT_OBJC_MSGSEND = YES;
				ENABLE_TESTABILITY = YES;
				ENABLE_USER_SCRIPT_SANDBOXING = YES;
				GCC_C_LANGUAGE_STANDARD = gnu17;
				GCC_DYNAMIC_NO_PIC = NO;
				GCC_NO_COMMON_BLOCKS = YES;
				GCC_OPTIMIZATION_LEVEL = 0;
				GCC_PREPROCESSOR_DEFINITIONS = (
					"DEBUG=1",
					"$(inherited)",
				);
				GCC_WARN_64_TO_32_BIT_CONVERSION = YES;
				GCC_WARN_ABOUT_RETURN_TYPE = YES_ERROR;
				GCC_WARN_UNDECLARED_SELECTOR = YES;
				GCC_WARN_UNINITIALIZED_AUTOS = YES_AGGRESSIVE;
				GCC_WARN_UNUSED_FUNCTION = YES;
				GCC_WARN_UNUSED_VARIABLE = YES;
				IPHONEOS_DEPLOYMENT_TARGET = 13.0;
				LOCALIZATION_PREFERS_STRING_CATALOGS = YES;
				MTL_ENABLE_DEBUG_INFO = INCLUDE_SOURCE;
				MTL_FAST_MATH = YES;
				ONLY_ACTIVE_ARCH = YES;
				SDKROOT = iphoneos;
			};
			name = Debug;
		};
		7ACE2DB12C2C02300092982F /* Release */ = {
			isa = XCBuildConfiguration;
			buildSettings = {
				ALWAYS_SEARCH_USER_PATHS = NO;
				ASSETCATALOG_COMPILER_GENERATE_SWIFT_ASSET_SYMBOL_EXTENSIONS = YES;
				CLANG_ANALYZER_LOCALIZABILITY_NONLOCALIZED = YES;
				CLANG_ANALYZER_NONNULL = YES;
				CLANG_ANALYZER_NUMBER_OBJECT_CONVERSION = YES_AGGRESSIVE;
				CLANG_CXX_LANGUAGE_STANDARD = "gnu++20";
				CLANG_ENABLE_MODULES = YES;
				CLANG_ENABLE_OBJC_ARC = YES;
				CLANG_ENABLE_OBJC_WEAK = YES;
				CLANG_WARN_BLOCK_CAPTURE_AUTORELEASING = YES;
				CLANG_WARN_BOOL_CONVERSION = YES;
				CLANG_WARN_COMMA = YES;
				CLANG_WARN_CONSTANT_CONVERSION = YES;
				CLANG_WARN_DEPRECATED_OBJC_IMPLEMENTATIONS = YES;
				CLANG_WARN_DIRECT_OBJC_ISA_USAGE = YES_ERROR;
				CLANG_WARN_DOCUMENTATION_COMMENTS = YES;
				CLANG_WARN_EMPTY_BODY = YES;
				CLANG_WARN_ENUM_CONVERSION = YES;
				CLANG_WARN_INFINITE_RECURSION = YES;
				CLANG_WARN_INT_CONVERSION = YES;
				CLANG_WARN_NON_LITERAL_NULL_CONVERSION = YES;
				CLANG_WARN_OBJC_IMPLICIT_RETAIN_SELF = YES;
				CLANG_WARN_OBJC_LITERAL_CONVERSION = YES;
				CLANG_WARN_OBJC_ROOT_CLASS = YES_ERROR;
				CLANG_WARN_QUOTED_INCLUDE_IN_FRAMEWORK_HEADER = YES;
				CLANG_WARN_RANGE_LOOP_ANALYSIS = YES;
				CLANG_WARN_STRICT_PROTOTYPES = YES;
				CLANG_WARN_SUSPICIOUS_MOVE = YES;
				CLANG_WARN_UNGUARDED_AVAILABILITY = YES_AGGRESSIVE;
				CLANG_WARN_UNREACHABLE_CODE = YES;
				CLANG_WARN__DUPLICATE_METHOD_MATCH = YES;
				COPY_PHASE_STRIP = NO;
				DEBUG_INFORMATION_FORMAT = "dwarf-with-dsym";
				ENABLE_NS_ASSERTIONS = NO;
				ENABLE_STRICT_OBJC_MSGSEND = YES;
				ENABLE_USER_SCRIPT_SANDBOXING = YES;
				GCC_C_LANGUAGE_STANDARD = gnu17;
				GCC_NO_COMMON_BLOCKS = YES;
				GCC_WARN_64_TO_32_BIT_CONVERSION = YES;
				GCC_WARN_ABOUT_RETURN_TYPE = YES_ERROR;
				GCC_WARN_UNDECLARED_SELECTOR = YES;
				GCC_WARN_UNINITIALIZED_AUTOS = YES_AGGRESSIVE;
				GCC_WARN_UNUSED_FUNCTION = YES;
				GCC_WARN_UNUSED_VARIABLE = YES;
				IPHONEOS_DEPLOYMENT_TARGET = 13.0;
				LOCALIZATION_PREFERS_STRING_CATALOGS = YES;
				MTL_ENABLE_DEBUG_INFO = NO;
				MTL_FAST_MATH = YES;
				SDKROOT = iphoneos;
				VALIDATE_PRODUCT = YES;
			};
			name = Release;
		};
		7ACE2DB32C2C02300092982F /* Debug */ = {
			isa = XCBuildConfiguration;
			baseConfigurationReference = 231587F49CC8CA5C410BC8DB /* Pods-SocialCommunity.debug.xcconfig */;
			buildSettings = {
				ASSETCATALOG_COMPILER_APPICON_NAME = AppIcon;
				ASSETCATALOG_COMPILER_GLOBAL_ACCENT_COLOR_NAME = AccentColor;
				CLANG_ENABLE_MODULES = YES;
				"CODE_SIGN_IDENTITY[sdk=iphoneos*]" = "iPhone Developer";
				CODE_SIGN_STYLE = Manual;
				CURRENT_PROJECT_VERSION = 1;
				DEVELOPMENT_TEAM = "";
				"DEVELOPMENT_TEAM[sdk=iphoneos*]" = R9P7CJ8P5R;
				ENABLE_USER_SCRIPT_SANDBOXING = NO;
				FRAMEWORK_SEARCH_PATHS = (
					"$(inherited)",
					"$(PROJECT_DIR)/SocialCommunity/Supporting\\ Files/SDK",
				);
				GCC_PRECOMPILE_PREFIX_HEADER = YES;
				GCC_PREFIX_HEADER = "$(SRCROOT)/SocialCommunity/Supporting Files/PrefixHeader.pch";
				GENERATE_INFOPLIST_FILE = YES;
				INFOPLIST_FILE = SocialCommunity/Info.plist;
				INFOPLIST_KEY_UIApplicationSupportsIndirectInputEvents = YES;
				INFOPLIST_KEY_UILaunchStoryboardName = LaunchScreen;
				INFOPLIST_KEY_UIMainStoryboardFile = OpeningVC;
				INFOPLIST_KEY_UISupportedInterfaceOrientations = "UIInterfaceOrientationLandscapeLeft UIInterfaceOrientationLandscapeRight UIInterfaceOrientationPortrait";
				INFOPLIST_KEY_UISupportedInterfaceOrientations_iPad = "UIInterfaceOrientationLandscapeLeft UIInterfaceOrientationLandscapeRight UIInterfaceOrientationPortrait UIInterfaceOrientationPortraitUpsideDown";
				IPHONEOS_DEPLOYMENT_TARGET = 13.0;
				LD_RUNPATH_SEARCH_PATHS = (
					"$(inherited)",
					"@executable_path/Frameworks",
				);
				MARKETING_VERSION = 1.0;
				PRODUCT_BUNDLE_IDENTIFIER = com.timdesign.socialapp.SocialCommunity;
				PRODUCT_NAME = "$(TARGET_NAME)";
				PROVISIONING_PROFILE_SPECIFIER = "";
				"PROVISIONING_PROFILE_SPECIFIER[sdk=iphoneos*]" = YYXX_Wildcard;
				SWIFT_EMIT_LOC_STRINGS = YES;
				SWIFT_OBJC_BRIDGING_HEADER = "SocialCommunity/Launch/SocialCommunity-Bridging-Header.h";
				SWIFT_OPTIMIZATION_LEVEL = "-Onone";
				SWIFT_VERSION = 5.0;
				TARGETED_DEVICE_FAMILY = "1,2";
			};
			name = Debug;
		};
		7ACE2DB42C2C02300092982F /* Release */ = {
			isa = XCBuildConfiguration;
			baseConfigurationReference = 525D8AAA4506DE7FD88C15D4 /* Pods-SocialCommunity.release.xcconfig */;
			buildSettings = {
				ASSETCATALOG_COMPILER_APPICON_NAME = AppIcon;
				ASSETCATALOG_COMPILER_GLOBAL_ACCENT_COLOR_NAME = AccentColor;
				CLANG_ENABLE_MODULES = YES;
				"CODE_SIGN_IDENTITY[sdk=iphoneos*]" = "iPhone Developer";
				CODE_SIGN_STYLE = Manual;
				CURRENT_PROJECT_VERSION = 1;
				DEVELOPMENT_TEAM = "";
				"DEVELOPMENT_TEAM[sdk=iphoneos*]" = R9P7CJ8P5R;
				ENABLE_USER_SCRIPT_SANDBOXING = NO;
				FRAMEWORK_SEARCH_PATHS = (
					"$(inherited)",
					"$(PROJECT_DIR)/SocialCommunity/Supporting\\ Files/SDK",
				);
				GCC_PRECOMPILE_PREFIX_HEADER = YES;
				GCC_PREFIX_HEADER = "$(SRCROOT)/SocialCommunity/Supporting Files/PrefixHeader.pch";
				GENERATE_INFOPLIST_FILE = YES;
				INFOPLIST_FILE = SocialCommunity/Info.plist;
				INFOPLIST_KEY_UIApplicationSupportsIndirectInputEvents = YES;
				INFOPLIST_KEY_UILaunchStoryboardName = LaunchScreen;
				INFOPLIST_KEY_UIMainStoryboardFile = OpeningVC;
				INFOPLIST_KEY_UISupportedInterfaceOrientations = "UIInterfaceOrientationLandscapeLeft UIInterfaceOrientationLandscapeRight UIInterfaceOrientationPortrait";
				INFOPLIST_KEY_UISupportedInterfaceOrientations_iPad = "UIInterfaceOrientationLandscapeLeft UIInterfaceOrientationLandscapeRight UIInterfaceOrientationPortrait UIInterfaceOrientationPortraitUpsideDown";
				IPHONEOS_DEPLOYMENT_TARGET = 13.0;
				LD_RUNPATH_SEARCH_PATHS = (
					"$(inherited)",
					"@executable_path/Frameworks",
				);
				MARKETING_VERSION = 1.0;
				PRODUCT_BUNDLE_IDENTIFIER = com.timdesign.socialapp.SocialCommunity;
				PRODUCT_NAME = "$(TARGET_NAME)";
				PROVISIONING_PROFILE_SPECIFIER = "";
				"PROVISIONING_PROFILE_SPECIFIER[sdk=iphoneos*]" = YYXX_Wildcard;
				SWIFT_EMIT_LOC_STRINGS = YES;
				SWIFT_OBJC_BRIDGING_HEADER = "SocialCommunity/Launch/SocialCommunity-Bridging-Header.h";
				SWIFT_VERSION = 5.0;
				TARGETED_DEVICE_FAMILY = "1,2";
			};
			name = Release;
		};
/* End XCBuildConfiguration section */

/* Begin XCConfigurationList section */
		7ACE2D942C2C02240092982F /* Build configuration list for PBXProject "SocialCommunity" */ = {
			isa = XCConfigurationList;
			buildConfigurations = (
				7ACE2DB02C2C02300092982F /* Debug */,
				7ACE2DB12C2C02300092982F /* Release */,
			);
			defaultConfigurationIsVisible = 0;
			defaultConfigurationName = Release;
		};
		7ACE2DB22C2C02300092982F /* Build configuration list for PBXNativeTarget "SocialCommunity" */ = {
			isa = XCConfigurationList;
			buildConfigurations = (
				7ACE2DB32C2C02300092982F /* Debug */,
				7ACE2DB42C2C02300092982F /* Release */,
			);
			defaultConfigurationIsVisible = 0;
			defaultConfigurationName = Release;
		};
/* End XCConfigurationList section */
	};
	rootObject = 7ACE2D912C2C02240092982F /* Project object */;
}
